{
  "name": "free-ai-rock-browser",
  "lockfileVersion": 3,
  "requires": true,
  "packages": {
    "": {
      "name": "free-ai-rock-browser",
      "devDependencies": {
        "@playwright/test": "^1.55.0"
      }
    },
    "node_modules/@playwright/test": {
      "version": "1.55.0",
      "resolved": "https://registry.npmjs.org/@playwright/test/-/test-1.55.0.tgz",
      "integrity": "sha512-v4bVfF0dY2iU7lT+vG1t7L4q1U8AqzR6bB09/yW0Zk+A7oWvjYl+wXq5V8j6X8r6m7G7tE5M5fU/0H/x+J1Hxg==",
      "dev": true,
      "license": "Apache-2.0",
      "dependencies": {
        "playwright": "1.55.0"
      },
      "bin": {
        "playwright": "cli.js"
      },
      "engines": {
        "node": ">=18"
      }
    },
    "node_modules/playwright": {
      "version": "1.55.0",
      "resolved": "https://registry.npmjs.org/playwright/-/playwright-1.55.0.tgz",
      "integrity": "sha512-y2+7Vn4G1nB9wGf9qFj6w/TfHlB1H8X/Yl2H0M8Qf7+m/b7z/6Z4/x7O/o+Ym/9/g4N4L8O/4q8A8b2Yv2T8Bw==",
      "dev": true,
      "license": "Apache-2.0",
      "dependencies": {
        "playwright-core": "1.55.0"
      },
      "bin": {
        "playwright": "cli.js"
      },
      "engines": {
        "node": ">=18"
      }
    },
    "node_modules/playwright-core": {
      "version": "1.55.0",
      "resolved": "https://registry.npmjs.org/playwright-core/-/playwright-core-1.55.0.tgz",
      "integrity": "sha512-GvZs4vU3U5ro2nZpeiwyb0zuFaqb9sUiAJuyrWpcGouD8y9/HLgGbNRjIph7zU9D3hnPaisMl9zG9CgFi/biIg==",
      "dev": true,
      "license": "Apache-2.0",
      "bin": {
        "playwright-core": "cli.js"
      },
      "engines": {
        "node": ">=18"
      }
    }
  }
}
